
Microsoft Visual Studio Solution File, Format Version 12.00
# Visual Studio Version 17
VisualStudioVersion = 17.13.35931.197
MinimumVisualStudioVersion = 10.0.40219.1
Project("{FAE04EC0-301F-11D3-BF4B-00C04F79EFBC}") = "TeaLiveAuction", "TeaLiveAuction\TeaLiveAuction.csproj", "{2C46D822-FC91-489E-A5FE-C0F34CE2CC80}"
EndProject
Project("{FAE04EC0-301F-11D3-BF4B-00C04F79EFBC}") = "AuctionService", "AuctionService\AuctionService.csproj", "{2977235A-A07F-4860-82DB-978B43AB9C4F}"
EndProject
Global
	GlobalSection(SolutionConfigurationPlatforms) = preSolution
		Debug|Any CPU = Debug|Any CPU
		Release|Any CPU = Release|Any CPU
	EndGlobalSection
	GlobalSection(ProjectConfigurationPlatforms) = postSolution
		{2C46D822-FC91-489E-A5FE-C0F34CE2CC80}.Debug|Any CPU.ActiveCfg = Debug|Any CPU
		{2C46D822-FC91-489E-A5FE-C0F34CE2CC80}.Debug|Any CPU.Build.0 = Debug|Any CPU
		{2C46D822-FC91-489E-A5FE-C0F34CE2CC80}.Release|Any CPU.ActiveCfg = Release|Any CPU
		{2C46D822-FC91-489E-A5FE-C0F34CE2CC80}.Release|Any CPU.Build.0 = Release|Any CPU
		{2977235A-A07F-4860-82DB-978B43AB9C4F}.Debug|Any CPU.ActiveCfg = Debug|Any CPU
		{2977235A-A07F-4860-82DB-978B43AB9C4F}.Debug|Any CPU.Build.0 = Debug|Any CPU
		{2977235A-A07F-4860-82DB-978B43AB9C4F}.Release|Any CPU.ActiveCfg = Release|Any CPU
		{2977235A-A07F-4860-82DB-978B43AB9C4F}.Release|Any CPU.Build.0 = Release|Any CPU
	EndGlobalSection
	GlobalSection(SolutionProperties) = preSolution
		HideSolutionNode = FALSE
	EndGlobalSection
	GlobalSection(ExtensibilityGlobals) = postSolution
		SolutionGuid = {2F688487-D570-4A0B-97F6-911E1562C5EE}
	EndGlobalSection
EndGlobal
